
Microsoft Visual Studio Solution File, Format Version 12.00
# Visual Studio Version 17
VisualStudioVersion = 17.3.32819.101
MinimumVisualStudioVersion = 10.0.40219.1
Project("{FAE04EC0-301F-11D3-BF4B-00C04F79EFBC}") = "Welcome_Message_MVC", "Welcome_Message_MVC\Welcome_Message_MVC.csproj", "{7D861AA1-313B-4BF1-A0FC-9A36DED9C443}"
EndProject
Global
	GlobalSection(SolutionConfigurationPlatforms) = preSolution
		Debug|Any CPU = Debug|Any CPU
		Release|Any CPU = Release|Any CPU
	EndGlobalSection
	GlobalSection(ProjectConfigurationPlatforms) = postSolution
		{7D861AA1-313B-4BF1-A0FC-9A36DED9C443}.Debug|Any CPU.ActiveCfg = Debug|Any CPU
		{7D861AA1-313B-4BF1-A0FC-9A36DED9C443}.Debug|Any CPU.Build.0 = Debug|Any CPU
		{7D861AA1-313B-4BF1-A0FC-9A36DED9C443}.Release|Any CPU.ActiveCfg = Release|Any CPU
		{7D861AA1-313B-4BF1-A0FC-9A36DED9C443}.Release|Any CPU.Build.0 = Release|Any CPU
	EndGlobalSection
	GlobalSection(SolutionProperties) = preSolution
		HideSolutionNode = FALSE
	EndGlobalSection
	GlobalSection(ExtensibilityGlobals) = postSolution
		SolutionGuid = {80F4E6DE-E83D-4233-99D4-BCCF0E94CC96}
	EndGlobalSection
EndGlobal
